
Microsoft Visual Studio Solution File, Format Version 12.00
# Visual Studio Version 17
VisualStudioVersion = 17.5.002.0
MinimumVisualStudioVersion = 10.0.40219.1
Project("{9A19103F-16F7-4668-BE54-9A1E7A4F7556}") = "FileUploader", "FileUploader.csproj", "{65FFF31B-2F29-4122-AB5E-FEE47F361CF9}"
EndProject
Global
	GlobalSection(SolutionConfigurationPlatforms) = preSolution
		Debug|Any CPU = Debug|Any CPU
		Release|Any CPU = Release|Any CPU
	EndGlobalSection
	GlobalSection(ProjectConfigurationPlatforms) = postSolution
		{65FFF31B-2F29-4122-AB5E-FEE47F361CF9}.Debug|Any CPU.ActiveCfg = Debug|Any CPU
		{65FFF31B-2F29-4122-AB5E-FEE47F361CF9}.Debug|Any CPU.Build.0 = Debug|Any CPU
		{65FFF31B-2F29-4122-AB5E-FEE47F361CF9}.Release|Any CPU.ActiveCfg = Release|Any CPU
		{65FFF31B-2F29-4122-AB5E-FEE47F361CF9}.Release|Any CPU.Build.0 = Release|Any CPU
	EndGlobalSection
	GlobalSection(SolutionProperties) = preSolution
		HideSolutionNode = FALSE
	EndGlobalSection
	GlobalSection(ExtensibilityGlobals) = postSolution
		SolutionGuid = {80DBB41F-E4C0-4FB3-8965-0F5CD50E6654}
	EndGlobalSection
EndGlobal
